
Microsoft Visual Studio Solution File, Format Version 12.00
Project("{FAE04EC0-301F-11D3-BF4B-00C04F79EFBC}") = "Imparsable.API", "Imparsable.API\Imparsable.API.csproj", "{C2DA02D1-525B-4A1A-8414-861B8635B243}"
EndProject
Project("{FAE04EC0-301F-11D3-BF4B-00C04F79EFBC}") = "Imparsable.CLI", "Imparsable.CLI\Imparsable.CLI.csproj", "{3C88BC24-86FD-41E2-A85A-A8AEF4776700}"
EndProject
Project("{FAE04EC0-301F-11D3-BF4B-00C04F79EFBC}") = "Imparsable.Lang.Calculator", "Imparsable.Lang.Calculator\Imparsable.Lang.Calculator.csproj", "{D71DF4AA-FD80-47F6-9C70-D9D1F6FF6AC9}"
EndProject
Project("{FAE04EC0-301F-11D3-BF4B-00C04F79EFBC}") = "Imparsable.Aspire", "Imparsable.Aspire\Imparsable.Aspire.csproj", "{8A288C8E-9D70-4EDD-8B8E-58CCAB8A293B}"
EndProject
Project("{FAE04EC0-301F-11D3-BF4B-00C04F79EFBC}") = "Imparsable.Toolchain.LSP", "Imparsable.Toolchain.LSP\Imparsable.Toolchain.LSP.csproj", "{6623A234-2941-428D-B4D3-7032DDF77640}"
EndProject
Project("{FAE04EC0-301F-11D3-BF4B-00C04F79EFBC}") = "Imparsable.Lang.Calculator.LSP", "Imparsable.Lang.Calculator.LSP\Imparsable.Lang.Calculator.LSP.csproj", "{B776A403-9203-4282-AC5C-773DA3DB8466}"
EndProject
Project("{FAE04EC0-301F-11D3-BF4B-00C04F79EFBC}") = "Imparsable.Toolchain.Wasm", "Imparsable.Toolchain.Wasm\Imparsable.Toolchain.Wasm.csproj", "{C7F97483-A230-4EB2-BFD6-BC37229621BD}"
EndProject
Project("{FAE04EC0-301F-11D3-BF4B-00C04F79EFBC}") = "Imparsable.Toolchain", "Imparsable.Toolchain\Imparsable.Toolchain.csproj", "{30C738EB-E5BF-4DF1-8A98-F03E444FB090}"
EndProject
Project("{FAE04EC0-301F-11D3-BF4B-00C04F79EFBC}") = "Imparsable.Toolchain.SourceGenerators", "Imparsable.Toolchain.SourceGenerators\Imparsable.Toolchain.SourceGenerators.csproj", "{8625B7DD-408D-4D00-8850-BBBB2E11D393}"
EndProject
Project("{FAE04EC0-301F-11D3-BF4B-00C04F79EFBC}") = "Imparsable.Toolchain.UnitTests", "Imparsable.Toolchain.UnitTests\Imparsable.Toolchain.UnitTests.csproj", "{9E7856B6-D712-42ED-97FC-B740C30F9D4C}"
EndProject
Project("{FAE04EC0-301F-11D3-BF4B-00C04F79EFBC}") = "Imparsable.Toolchain.SourceGenerators.UnitTests", "Imparsable.Toolchain.SourceGenerators.UnitTests\Imparsable.Toolchain.SourceGenerators.UnitTests.csproj", "{18F9B642-ACC7-40CA-95E1-72687980C1B1}"
EndProject
Project("{2150E333-8FDC-42A3-9474-1A3956D46DE8}") = "Toolchain", "Toolchain", "{884D9A85-5E0C-4683-80EB-972B9EB35AD6}"
EndProject
Project("{2150E333-8FDC-42A3-9474-1A3956D46DE8}") = "Toolchain.SourceGenerators", "Toolchain.SourceGenerators", "{6F833F6A-4212-458F-840A-F1E542704FFB}"
EndProject
Global
	GlobalSection(SolutionConfigurationPlatforms) = preSolution
		Debug|Any CPU = Debug|Any CPU
		Release|Any CPU = Release|Any CPU
	EndGlobalSection
	GlobalSection(ProjectConfigurationPlatforms) = postSolution
		{C2DA02D1-525B-4A1A-8414-861B8635B243}.Debug|Any CPU.ActiveCfg = Debug|Any CPU
		{C2DA02D1-525B-4A1A-8414-861B8635B243}.Debug|Any CPU.Build.0 = Debug|Any CPU
		{C2DA02D1-525B-4A1A-8414-861B8635B243}.Release|Any CPU.ActiveCfg = Release|Any CPU
		{C2DA02D1-525B-4A1A-8414-861B8635B243}.Release|Any CPU.Build.0 = Release|Any CPU
		{3C88BC24-86FD-41E2-A85A-A8AEF4776700}.Debug|Any CPU.ActiveCfg = Debug|Any CPU
		{3C88BC24-86FD-41E2-A85A-A8AEF4776700}.Debug|Any CPU.Build.0 = Debug|Any CPU
		{3C88BC24-86FD-41E2-A85A-A8AEF4776700}.Release|Any CPU.ActiveCfg = Release|Any CPU
		{3C88BC24-86FD-41E2-A85A-A8AEF4776700}.Release|Any CPU.Build.0 = Release|Any CPU
		{D71DF4AA-FD80-47F6-9C70-D9D1F6FF6AC9}.Debug|Any CPU.ActiveCfg = Debug|Any CPU
		{D71DF4AA-FD80-47F6-9C70-D9D1F6FF6AC9}.Debug|Any CPU.Build.0 = Debug|Any CPU
		{D71DF4AA-FD80-47F6-9C70-D9D1F6FF6AC9}.Release|Any CPU.ActiveCfg = Release|Any CPU
		{D71DF4AA-FD80-47F6-9C70-D9D1F6FF6AC9}.Release|Any CPU.Build.0 = Release|Any CPU
		{8A288C8E-9D70-4EDD-8B8E-58CCAB8A293B}.Debug|Any CPU.ActiveCfg = Debug|Any CPU
		{8A288C8E-9D70-4EDD-8B8E-58CCAB8A293B}.Debug|Any CPU.Build.0 = Debug|Any CPU
		{8A288C8E-9D70-4EDD-8B8E-58CCAB8A293B}.Release|Any CPU.ActiveCfg = Release|Any CPU
		{8A288C8E-9D70-4EDD-8B8E-58CCAB8A293B}.Release|Any CPU.Build.0 = Release|Any CPU
		{6623A234-2941-428D-B4D3-7032DDF77640}.Debug|Any CPU.ActiveCfg = Debug|Any CPU
		{6623A234-2941-428D-B4D3-7032DDF77640}.Debug|Any CPU.Build.0 = Debug|Any CPU
		{6623A234-2941-428D-B4D3-7032DDF77640}.Release|Any CPU.ActiveCfg = Release|Any CPU
		{6623A234-2941-428D-B4D3-7032DDF77640}.Release|Any CPU.Build.0 = Release|Any CPU
		{B776A403-9203-4282-AC5C-773DA3DB8466}.Debug|Any CPU.ActiveCfg = Debug|Any CPU
		{B776A403-9203-4282-AC5C-773DA3DB8466}.Debug|Any CPU.Build.0 = Debug|Any CPU
		{B776A403-9203-4282-AC5C-773DA3DB8466}.Release|Any CPU.ActiveCfg = Release|Any CPU
		{B776A403-9203-4282-AC5C-773DA3DB8466}.Release|Any CPU.Build.0 = Release|Any CPU
		{C7F97483-A230-4EB2-BFD6-BC37229621BD}.Debug|Any CPU.ActiveCfg = Debug|Any CPU
		{C7F97483-A230-4EB2-BFD6-BC37229621BD}.Debug|Any CPU.Build.0 = Debug|Any CPU
		{C7F97483-A230-4EB2-BFD6-BC37229621BD}.Release|Any CPU.ActiveCfg = Release|Any CPU
		{C7F97483-A230-4EB2-BFD6-BC37229621BD}.Release|Any CPU.Build.0 = Release|Any CPU
		{30C738EB-E5BF-4DF1-8A98-F03E444FB090}.Debug|Any CPU.ActiveCfg = Debug|Any CPU
		{30C738EB-E5BF-4DF1-8A98-F03E444FB090}.Debug|Any CPU.Build.0 = Debug|Any CPU
		{30C738EB-E5BF-4DF1-8A98-F03E444FB090}.Release|Any CPU.ActiveCfg = Release|Any CPU
		{30C738EB-E5BF-4DF1-8A98-F03E444FB090}.Release|Any CPU.Build.0 = Release|Any CPU
		{8625B7DD-408D-4D00-8850-BBBB2E11D393}.Debug|Any CPU.ActiveCfg = Debug|Any CPU
		{8625B7DD-408D-4D00-8850-BBBB2E11D393}.Debug|Any CPU.Build.0 = Debug|Any CPU
		{8625B7DD-408D-4D00-8850-BBBB2E11D393}.Release|Any CPU.ActiveCfg = Release|Any CPU
		{8625B7DD-408D-4D00-8850-BBBB2E11D393}.Release|Any CPU.Build.0 = Release|Any CPU
		{9E7856B6-D712-42ED-97FC-B740C30F9D4C}.Debug|Any CPU.ActiveCfg = Debug|Any CPU
		{9E7856B6-D712-42ED-97FC-B740C30F9D4C}.Debug|Any CPU.Build.0 = Debug|Any CPU
		{9E7856B6-D712-42ED-97FC-B740C30F9D4C}.Release|Any CPU.ActiveCfg = Release|Any CPU
		{9E7856B6-D712-42ED-97FC-B740C30F9D4C}.Release|Any CPU.Build.0 = Release|Any CPU
		{18F9B642-ACC7-40CA-95E1-72687980C1B1}.Debug|Any CPU.ActiveCfg = Debug|Any CPU
		{18F9B642-ACC7-40CA-95E1-72687980C1B1}.Debug|Any CPU.Build.0 = Debug|Any CPU
		{18F9B642-ACC7-40CA-95E1-72687980C1B1}.Release|Any CPU.ActiveCfg = Release|Any CPU
		{18F9B642-ACC7-40CA-95E1-72687980C1B1}.Release|Any CPU.Build.0 = Release|Any CPU
	EndGlobalSection
	GlobalSection(NestedProjects) = preSolution
		{6623A234-2941-428D-B4D3-7032DDF77640} = {884D9A85-5E0C-4683-80EB-972B9EB35AD6}
		{9E7856B6-D712-42ED-97FC-B740C30F9D4C} = {884D9A85-5E0C-4683-80EB-972B9EB35AD6}
		{30C738EB-E5BF-4DF1-8A98-F03E444FB090} = {884D9A85-5E0C-4683-80EB-972B9EB35AD6}
		{8625B7DD-408D-4D00-8850-BBBB2E11D393} = {6F833F6A-4212-458F-840A-F1E542704FFB}
		{18F9B642-ACC7-40CA-95E1-72687980C1B1} = {6F833F6A-4212-458F-840A-F1E542704FFB}
		{C7F97483-A230-4EB2-BFD6-BC37229621BD} = {884D9A85-5E0C-4683-80EB-972B9EB35AD6}
	EndGlobalSection
EndGlobal
